// !$*UTF8*$!
{
	archiveVersion = 1;
	classes = {
	};
	objectVersion = 50;
	objects = {

/* Begin PBXBuildFile section */
		CD0CDA3F20FD096B009356B9 /* WelcomeViewController.swift in Sources */ = {isa = PBXBuildFile; fileRef = CD0CDA3E20FD096B009356B9 /* WelcomeViewController.swift */; };
		CD0CDA4320FD09B1009356B9 /* ChangeMoodViewController.swift in Sources */ = {isa = PBXBuildFile; fileRef = CD0CDA4220FD09B1009356B9 /* ChangeMoodViewController.swift */; };
		CD0CDA4720FD0A95009356B9 /* ShowImagesCollectionViewController.swift in Sources */ = {isa = PBXBuildFile; fileRef = CD0CDA4620FD0A95009356B9 /* ShowImagesCollectionViewController.swift */; };
		CD0CDA4D20FD115D009356B9 /* InstaConstant.swift in Sources */ = {isa = PBXBuildFile; fileRef = CD0CDA4C20FD115D009356B9 /* InstaConstant.swift */; };
		CD0CDA4F20FD116F009356B9 /* LoginViewController.swift in Sources */ = {isa = PBXBuildFile; fileRef = CD0CDA4E20FD116F009356B9 /* LoginViewController.swift */; };
		CDDE8FAD20FD04DA00462078 /* AppDelegate.swift in Sources */ = {isa = PBXBuildFile; fileRef = CDDE8FAC20FD04DA00462078 /* AppDelegate.swift */; };
		CDDE8FB220FD04DA00462078 /* Main.storyboard in Resources */ = {isa = PBXBuildFile; fileRef = CDDE8FB020FD04DA00462078 /* Main.storyboard */; };
		CDDE8FB420FD04DD00462078 /* Assets.xcassets in Resources */ = {isa = PBXBuildFile; fileRef = CDDE8FB320FD04DD00462078 /* Assets.xcassets */; };
		CDDE8FB720FD04DD00462078 /* LaunchScreen.storyboard in Resources */ = {isa = PBXBuildFile; fileRef = CDDE8FB520FD04DD00462078 /* LaunchScreen.storyboard */; };
/* End PBXBuildFile section */

/* Begin PBXFileReference section */
		CD0CDA3E20FD096B009356B9 /* WelcomeViewController.swift */ = {isa = PBXFileReference; lastKnownFileType = sourcecode.swift; path = WelcomeViewController.swift; sourceTree = "<group>"; };
		CD0CDA4220FD09B1009356B9 /* ChangeMoodViewController.swift */ = {isa = PBXFileReference; lastKnownFileType = sourcecode.swift; path = ChangeMoodViewController.swift; sourceTree = "<group>"; };
		CD0CDA4620FD0A95009356B9 /* ShowImagesCollectionViewController.swift */ = {isa = PBXFileReference; lastKnownFileType = sourcecode.swift; path = ShowImagesCollectionViewController.swift; sourceTree = "<group>"; };
		CD0CDA4C20FD115D009356B9 /* InstaConstant.swift */ = {isa = PBXFileReference; fileEncoding = 4; lastKnownFileType = sourcecode.swift; path = InstaConstant.swift; sourceTree = "<group>"; };
		CD0CDA4E20FD116F009356B9 /* LoginViewController.swift */ = {isa = PBXFileReference; fileEncoding = 4; lastKnownFileType = sourcecode.swift; name = LoginViewController.swift; path = ShowMood/Controller/LoginViewController.swift; sourceTree = SOURCE_ROOT; };
		CDDE8FA920FD04DA00462078 /* ShowMood.app */ = {isa = PBXFileReference; explicitFileType = wrapper.application; includeInIndex = 0; path = ShowMood.app; sourceTree = BUILT_PRODUCTS_DIR; };
		CDDE8FAC20FD04DA00462078 /* AppDelegate.swift */ = {isa = PBXFileReference; lastKnownFileType = sourcecode.swift; path = AppDelegate.swift; sourceTree = "<group>"; };
		CDDE8FB120FD04DA00462078 /* Base */ = {isa = PBXFileReference; lastKnownFileType = file.storyboard; name = Base; path = Base.lproj/Main.storyboard; sourceTree = "<group>"; };
		CDDE8FB320FD04DD00462078 /* Assets.xcassets */ = {isa = PBXFileReference; lastKnownFileType = folder.assetcatalog; path = Assets.xcassets; sourceTree = "<group>"; };
		CDDE8FB620FD04DD00462078 /* Base */ = {isa = PBXFileReference; lastKnownFileType = file.storyboard; name = Base; path = Base.lproj/LaunchScreen.storyboard; sourceTree = "<group>"; };
		CDDE8FB820FD04DD00462078 /* Info.plist */ = {isa = PBXFileReference; lastKnownFileType = text.plist.xml; path = Info.plist; sourceTree = "<group>"; };
/* End PBXFileReference section */

/* Begin PBXFrameworksBuildPhase section */
		CDDE8FA620FD04DA00462078 /* Frameworks */ = {
			isa = PBXFrameworksBuildPhase;
			buildActionMask = 2147483647;
			files = (
			);
			runOnlyForDeploymentPostprocessing = 0;
		};
/* End PBXFrameworksBuildPhase section */

/* Begin PBXGroup section */
		CD0CDA3B20FD081D009356B9 /* Controller */ = {
			isa = PBXGroup;
			children = (
				CD0CDA4B20FD115D009356B9 /* Instagram Auth */,
				CD0CDA3E20FD096B009356B9 /* WelcomeViewController.swift */,
				CD0CDA4220FD09B1009356B9 /* ChangeMoodViewController.swift */,
				CD0CDA4620FD0A95009356B9 /* ShowImagesCollectionViewController.swift */,
			);
			path = Controller;
			sourceTree = "<group>";
		};
		CD0CDA4B20FD115D009356B9 /* Instagram Auth */ = {
			isa = PBXGroup;
			children = (
				CD0CDA4E20FD116F009356B9 /* LoginViewController.swift */,
				CD0CDA4C20FD115D009356B9 /* InstaConstant.swift */,
			);
			path = "Instagram Auth";
			sourceTree = "<group>";
		};
		CDDE8FA020FD04DA00462078 = {
			isa = PBXGroup;
			children = (
				CDDE8FAB20FD04DA00462078 /* ShowMood */,
				CDDE8FAA20FD04DA00462078 /* Products */,
			);
			sourceTree = "<group>";
		};
		CDDE8FAA20FD04DA00462078 /* Products */ = {
			isa = PBXGroup;
			children = (
				CDDE8FA920FD04DA00462078 /* ShowMood.app */,
			);
			name = Products;
			sourceTree = "<group>";
		};
		CDDE8FAB20FD04DA00462078 /* ShowMood */ = {
			isa = PBXGroup;
			children = (
				CD0CDA3B20FD081D009356B9 /* Controller */,
				CDDE8FAC20FD04DA00462078 /* AppDelegate.swift */,
				CDDE8FB020FD04DA00462078 /* Main.storyboard */,
				CDDE8FB320FD04DD00462078 /* Assets.xcassets */,
				CDDE8FB520FD04DD00462078 /* LaunchScreen.storyboard */,
				CDDE8FB820FD04DD00462078 /* Info.plist */,
			);
			path = ShowMood;
			sourceTree = "<group>";
		};
/* End PBXGroup section */

/* Begin PBXNativeTarget section */
		CDDE8FA820FD04DA00462078 /* ShowMood */ = {
			isa = PBXNativeTarget;
			buildConfigurationList = CDDE8FBB20FD04DD00462078 /* Build configuration list for PBXNativeTarget "ShowMood" */;
			buildPhases = (
				CDDE8FA520FD04DA00462078 /* Sources */,
				CDDE8FA620FD04DA00462078 /* Frameworks */,
				CDDE8FA720FD04DA00462078 /* Resources */,
			);
			buildRules = (
			);
			dependencies = (
			);
			name = ShowMood;
			productName = ShowMood;
			productReference = CDDE8FA920FD04DA00462078 /* ShowMood.app */;
			productType = "com.apple.product-type.application";
		};
/* End PBXNativeTarget section */

/* Begin PBXProject section */
		CDDE8FA120FD04DA00462078 /* Project object */ = {
			isa = PBXProject;
			attributes = {
				LastSwiftUpdateCheck = 0940;
				LastUpgradeCheck = 0940;
				ORGANIZATIONNAME = Mariya;
				TargetAttributes = {
					CDDE8FA820FD04DA00462078 = {
						CreatedOnToolsVersion = 9.4.1;
					};
				};
			};
			buildConfigurationList = CDDE8FA420FD04DA00462078 /* Build configuration list for PBXProject "ShowMood" */;
			compatibilityVersion = "Xcode 9.3";
			developmentRegion = en;
			hasScannedForEncodings = 0;
			knownRegions = (
				en,
				Base,
			);
			mainGroup = CDDE8FA020FD04DA00462078;
			productRefGroup = CDDE8FAA20FD04DA00462078 /* Products */;
			projectDirPath = "";
			projectRoot = "";
			targets = (
				CDDE8FA820FD04DA00462078 /* ShowMood */,
			);
		};
/* End PBXProject section */

/* Begin PBXResourcesBuildPhase section */
		CDDE8FA720FD04DA00462078 /* Resources */ = {
			isa = PBXResourcesBuildPhase;
			buildActionMask = 2147483647;
			files = (
				CDDE8FB720FD04DD00462078 /* LaunchScreen.storyboard in Resources */,
				CDDE8FB420FD04DD00462078 /* Assets.xcassets in Resources */,
				CDDE8FB220FD04DA00462078 /* Main.storyboard in Resources */,
			);
			runOnlyForDeploymentPostprocessing = 0;
		};
/* End PBXResourcesBuildPhase section */

/* Begin PBXSourcesBuildPhase section */
		CDDE8FA520FD04DA00462078 /* Sources */ = {
			isa = PBXSourcesBuildPhase;
			buildActionMask = 2147483647;
			files = (
				CD0CDA4F20FD116F009356B9 /* LoginViewController.swift in Sources */,
				CD0CDA4320FD09B1009356B9 /* ChangeMoodViewController.swift in Sources */,
				CDDE8FAD20FD04DA00462078 /* AppDelegate.swift in Sources */,
				CD0CDA4D20FD115D009356B9 /* InstaConstant.swift in Sources */,
				CD0CDA3F20FD096B009356B9 /* WelcomeViewController.swift in Sources */,
				CD0CDA4720FD0A95009356B9 /* ShowImagesCollectionViewController.swift in Sources */,
			);
			runOnlyForDeploymentPostprocessing = 0;
		};
/* End PBXSourcesBuildPhase section */

/* Begin PBXVariantGroup section */
		CDDE8FB020FD04DA00462078 /* Main.storyboard */ = {
			isa = PBXVariantGroup;
			children = (
				CDDE8FB120FD04DA00462078 /* Base */,
			);
			name = Main.storyboard;
			sourceTree = "<group>";
		};
		CDDE8FB520FD04DD00462078 /* LaunchScreen.storyboard */ = {
			isa = PBXVariantGroup;
			children = (
				CDDE8FB620FD04DD00462078 /* Base */,
			);
			name = LaunchScreen.storyboard;
			sourceTree = "<group>";
		};
/* End PBXVariantGroup section */

/* Begin XCBuildConfiguration section */
		CDDE8FB920FD04DD00462078 /* Debug */ = {
			isa = XCBuildConfiguration;
			buildSettings = {
				ALWAYS_SEARCH_USER_PATHS = NO;
				CLANG_ANALYZER_NONNULL = YES;
				CLANG_ANALYZER_NUMBER_OBJECT_CONVERSION = YES_AGGRESSIVE;
				CLANG_CXX_LANGUAGE_STANDARD = "gnu++14";
				CLANG_CXX_LIBRARY = "libc++";
				CLANG_ENABLE_MODULES = YES;
				CLANG_ENABLE_OBJC_ARC = YES;
				CLANG_ENABLE_OBJC_WEAK = YES;
				CLANG_WARN_BLOCK_CAPTURE_AUTORELEASING = YES;
				CLANG_WARN_BOOL_CONVERSION = YES;
				CLANG_WARN_COMMA = YES;
				CLANG_WARN_CONSTANT_CONVERSION = YES;
				CLANG_WARN_DEPRECATED_OBJC_IMPLEMENTATIONS = YES;
				CLANG_WARN_DIRECT_OBJC_ISA_USAGE = YES_ERROR;
				CLANG_WARN_DOCUMENTATION_COMMENTS = YES;
				CLANG_WARN_EMPTY_BODY = YES;
				CLANG_WARN_ENUM_CONVERSION = YES;
				CLANG_WARN_INFINITE_RECURSION = YES;
				CLANG_WARN_INT_CONVERSION = YES;
				CLANG_WARN_NON_LITERAL_NULL_CONVERSION = YES;
				CLANG_WARN_OBJC_IMPLICIT_RETAIN_SELF = YES;
				CLANG_WARN_OBJC_LITERAL_CONVERSION = YES;
				CLANG_WARN_OBJC_ROOT_CLASS = YES_ERROR;
				CLANG_WARN_RANGE_LOOP_ANALYSIS = YES;
				CLANG_WARN_STRICT_PROTOTYPES = YES;
				CLANG_WARN_SUSPICIOUS_MOVE = YES;
				CLANG_WARN_UNGUARDED_AVAILABILITY = YES_AGGRESSIVE;
				CLANG_WARN_UNREACHABLE_CODE = YES;
				CLANG_WARN__DUPLICATE_METHOD_MATCH = YES;
				CODE_SIGN_IDENTITY = "iPhone Developer";
				COPY_PHASE_STRIP = NO;
				DEBUG_INFORMATION_FORMAT = dwarf;
				ENABLE_STRICT_OBJC_MSGSEND = YES;
				ENABLE_TESTABILITY = YES;
				GCC_C_LANGUAGE_STANDARD = gnu11;
				GCC_DYNAMIC_NO_PIC = NO;
				GCC_NO_COMMON_BLOCKS = YES;
				GCC_OPTIMIZATION_LEVEL = 0;
				GCC_PREPROCESSOR_DEFINITIONS = (
					"DEBUG=1",
					"$(inherited)",
				);
				GCC_WARN_64_TO_32_BIT_CONVERSION = YES;
				GCC_WARN_ABOUT_RETURN_TYPE = YES_ERROR;
				GCC_WARN_UNDECLARED_SELECTOR = YES;
				GCC_WARN_UNINITIALIZED_AUTOS = YES_AGGRESSIVE;
				GCC_WARN_UNUSED_FUNCTION = YES;
				GCC_WARN_UNUSED_VARIABLE = YES;
				IPHONEOS_DEPLOYMENT_TARGET = 11.4;
				MTL_ENABLE_DEBUG_INFO = YES;
				ONLY_ACTIVE_ARCH = YES;
				SDKROOT = iphoneos;
				SWIFT_ACTIVE_COMPILATION_CONDITIONS = DEBUG;
				SWIFT_OPTIMIZATION_LEVEL = "-Onone";
			};
			name = Debug;
		};
		CDDE8FBA20FD04DD00462078 /* Release */ = {
			isa = XCBuildConfiguration;
			buildSettings = {
				ALWAYS_SEARCH_USER_PATHS = NO;
				CLANG_ANALYZER_NONNULL = YES;
				CLANG_ANALYZER_NUMBER_OBJECT_CONVERSION = YES_AGGRESSIVE;
				CLANG_CXX_LANGUAGE_STANDARD = "gnu++14";
				CLANG_CXX_LIBRARY = "libc++";
				CLANG_ENABLE_MODULES = YES;
				CLANG_ENABLE_OBJC_ARC = YES;
				CLANG_ENABLE_OBJC_WEAK = YES;
				CLANG_WARN_BLOCK_CAPTURE_AUTORELEASING = YES;
				CLANG_WARN_BOOL_CONVERSION = YES;
				CLANG_WARN_COMMA = YES;
				CLANG_WARN_CONSTANT_CONVERSION = YES;
				CLANG_WARN_DEPRECATED_OBJC_IMPLEMENTATIONS = YES;
				CLANG_WARN_DIRECT_OBJC_ISA_USAGE = YES_ERROR;
				CLANG_WARN_DOCUMENTATION_COMMENTS = YES;
				CLANG_WARN_EMPTY_BODY = YES;
				CLANG_WARN_ENUM_CONVERSION = YES;
				CLANG_WARN_INFINITE_RECURSION = YES;
				CLANG_WARN_INT_CONVERSION = YES;
				CLANG_WARN_NON_LITERAL_NULL_CONVERSION = YES;
				CLANG_WARN_OBJC_IMPLICIT_RETAIN_SELF = YES;
				CLANG_WARN_OBJC_LITERAL_CONVERSION = YES;
				CLANG_WARN_OBJC_ROOT_CLASS = YES_ERROR;
				CLANG_WARN_RANGE_LOOP_ANALYSIS = YES;
				CLANG_WARN_STRICT_PROTOTYPES = YES;
				CLANG_WARN_SUSPICIOUS_MOVE = YES;
				CLANG_WARN_UNGUARDED_AVAILABILITY = YES_AGGRESSIVE;
				CLANG_WARN_UNREACHABLE_CODE = YES;
				CLANG_WARN__DUPLICATE_METHOD_MATCH = YES;
				CODE_SIGN_IDENTITY = "iPhone Developer";
				COPY_PHASE_STRIP = NO;
				DEBUG_INFORMATION_FORMAT = "dwarf-with-dsym";
				ENABLE_NS_ASSERTIONS = NO;
				ENABLE_STRICT_OBJC_MSGSEND = YES;
				GCC_C_LANGUAGE_STANDARD = gnu11;
				GCC_NO_COMMON_BLOCKS = YES;
				GCC_WARN_64_TO_32_BIT_CONVERSION = YES;
				GCC_WARN_ABOUT_RETURN_TYPE = YES_ERROR;
				GCC_WARN_UNDECLARED_SELECTOR = YES;
				GCC_WARN_UNINITIALIZED_AUTOS = YES_AGGRESSIVE;
				GCC_WARN_UNUSED_FUNCTION = YES;
				GCC_WARN_UNUSED_VARIABLE = YES;
				IPHONEOS_DEPLOYMENT_TARGET = 11.4;
				MTL_ENABLE_DEBUG_INFO = NO;
				SDKROOT = iphoneos;
				SWIFT_COMPILATION_MODE = wholemodule;
				SWIFT_OPTIMIZATION_LEVEL = "-O";
				VALIDATE_PRODUCT = YES;
			};
			name = Release;
		};
		CDDE8FBC20FD04DD00462078 /* Debug */ = {
			isa = XCBuildConfiguration;
			buildSettings = {
				ASSETCATALOG_COMPILER_APPICON_NAME = AppIcon;
				CODE_SIGN_STYLE = Automatic;
				DEVELOPMENT_TEAM = 77PLT8T8S2;
				INFOPLIST_FILE = ShowMood/Info.plist;
				LD_RUNPATH_SEARCH_PATHS = (
					"$(inherited)",
					"@executable_path/Frameworks",
				);
				PRODUCT_BUNDLE_IDENTIFIER = m.ShowMood;
				PRODUCT_NAME = "$(TARGET_NAME)";
				SWIFT_VERSION = 4.0;
				TARGETED_DEVICE_FAMILY = "1,2";
			};
			name = Debug;
		};
		CDDE8FBD20FD04DD00462078 /* Release */ = {
			isa = XCBuildConfiguration;
			buildSettings = {
				ASSETCATALOG_COMPILER_APPICON_NAME = AppIcon;
				CODE_SIGN_STYLE = Automatic;
				DEVELOPMENT_TEAM = 77PLT8T8S2;
				INFOPLIST_FILE = ShowMood/Info.plist;
				LD_RUNPATH_SEARCH_PATHS = (
					"$(inherited)",
					"@executable_path/Frameworks",
				);
				PRODUCT_BUNDLE_IDENTIFIER = m.ShowMood;
				PRODUCT_NAME = "$(TARGET_NAME)";
				SWIFT_VERSION = 4.0;
				TARGETED_DEVICE_FAMILY = "1,2";
			};
			name = Release;
		};
/* End XCBuildConfiguration section */

/* Begin XCConfigurationList section */
		CDDE8FA420FD04DA00462078 /* Build configuration list for PBXProject "ShowMood" */ = {
			isa = XCConfigurationList;
			buildConfigurations = (
				CDDE8FB920FD04DD00462078 /* Debug */,
				CDDE8FBA20FD04DD00462078 /* Release */,
			);
			defaultConfigurationIsVisible = 0;
			defaultConfigurationName = Release;
		};
		CDDE8FBB20FD04DD00462078 /* Build configuration list for PBXNativeTarget "ShowMood" */ = {
			isa = XCConfigurationList;
			buildConfigurations = (
				CDDE8FBC20FD04DD00462078 /* Debug */,
				CDDE8FBD20FD04DD00462078 /* Release */,
			);
			defaultConfigurationIsVisible = 0;
			defaultConfigurationName = Release;
		};
/* End XCConfigurationList section */
	};
	rootObject = CDDE8FA120FD04DA00462078 /* Project object */;
}
