// !$*UTF8*$!
{
	archiveVersion = 1;
	classes = {
	};
	objectVersion = 50;
	objects = {

/* Begin PBXBuildFile section */
		595E4366A8ACA5BBD0ABB762 /* Pods_ShowMood.framework in Frameworks */ = {isa = PBXBuildFile; fileRef = BCE6F966655D677CF812BD3E /* Pods_ShowMood.framework */; };
		CD0CDA3F20FD096B009356B9 /* WelcomeViewController.swift in Sources */ = {isa = PBXBuildFile; fileRef = CD0CDA3E20FD096B009356B9 /* WelcomeViewController.swift */; };
		CD0CDA4720FD0A95009356B9 /* ShowImagesCollectionViewController.swift in Sources */ = {isa = PBXBuildFile; fileRef = CD0CDA4620FD0A95009356B9 /* ShowImagesCollectionViewController.swift */; };
		CD0CDA4D20FD115D009356B9 /* InstaConstant.swift in Sources */ = {isa = PBXBuildFile; fileRef = CD0CDA4C20FD115D009356B9 /* InstaConstant.swift */; };
		CD0CDA6420FDC5AE009356B9 /* LoginAndChangeMoodViewController.swift in Sources */ = {isa = PBXBuildFile; fileRef = CD0CDA6320FDC5AE009356B9 /* LoginAndChangeMoodViewController.swift */; };
		CD52B50920FE4A780015EFE8 /* CameraViewController.swift in Sources */ = {isa = PBXBuildFile; fileRef = CD52B50820FE4A780015EFE8 /* CameraViewController.swift */; };
		CD52B50C20FE4B730015EFE8 /* VisualSentimentCNN.mlmodel in Sources */ = {isa = PBXBuildFile; fileRef = CD52B50B20FE4B730015EFE8 /* VisualSentimentCNN.mlmodel */; };
		CD52B50F20FE7CE60015EFE8 /* ImagesCollectionViewCell.swift in Sources */ = {isa = PBXBuildFile; fileRef = CD52B50E20FE7CE60015EFE8 /* ImagesCollectionViewCell.swift */; };
		CD52B51120FE7D4E0015EFE8 /* InstagramData.swift in Sources */ = {isa = PBXBuildFile; fileRef = CD52B51020FE7D4E0015EFE8 /* InstagramData.swift */; };
		CD52B51520FE85240015EFE8 /* PresentDetailTransition.swift in Sources */ = {isa = PBXBuildFile; fileRef = CD52B51420FE85240015EFE8 /* PresentDetailTransition.swift */; };
		CD52B51720FE853B0015EFE8 /* DismissDetailTransition.swift in Sources */ = {isa = PBXBuildFile; fileRef = CD52B51620FE853B0015EFE8 /* DismissDetailTransition.swift */; };
		CD52B51920FE87800015EFE8 /* DetailImageViewController.swift in Sources */ = {isa = PBXBuildFile; fileRef = CD52B51820FE87800015EFE8 /* DetailImageViewController.swift */; };
		CDBB2B2820FFE5CD007FADAC /* Settings.swift in Sources */ = {isa = PBXBuildFile; fileRef = CDBB2B2720FFE5CD007FADAC /* Settings.swift */; };
		CDDE8FAD20FD04DA00462078 /* AppDelegate.swift in Sources */ = {isa = PBXBuildFile; fileRef = CDDE8FAC20FD04DA00462078 /* AppDelegate.swift */; };
		CDDE8FB220FD04DA00462078 /* Main.storyboard in Resources */ = {isa = PBXBuildFile; fileRef = CDDE8FB020FD04DA00462078 /* Main.storyboard */; };
		CDDE8FB420FD04DD00462078 /* Assets.xcassets in Resources */ = {isa = PBXBuildFile; fileRef = CDDE8FB320FD04DD00462078 /* Assets.xcassets */; };
		CDDE8FB720FD04DD00462078 /* LaunchScreen.storyboard in Resources */ = {isa = PBXBuildFile; fileRef = CDDE8FB520FD04DD00462078 /* LaunchScreen.storyboard */; };
/* End PBXBuildFile section */

/* Begin PBXFileReference section */
		80B0E2BF1BD3B5C0BEAAFFCD /* Pods-ShowMood.release.xcconfig */ = {isa = PBXFileReference; includeInIndex = 1; lastKnownFileType = text.xcconfig; name = "Pods-ShowMood.release.xcconfig"; path = "Pods/Target Support Files/Pods-ShowMood/Pods-ShowMood.release.xcconfig"; sourceTree = "<group>"; };
		998AA515B8B3F607AF712374 /* Pods-ShowMood.debug.xcconfig */ = {isa = PBXFileReference; includeInIndex = 1; lastKnownFileType = text.xcconfig; name = "Pods-ShowMood.debug.xcconfig"; path = "Pods/Target Support Files/Pods-ShowMood/Pods-ShowMood.debug.xcconfig"; sourceTree = "<group>"; };
		BCE6F966655D677CF812BD3E /* Pods_ShowMood.framework */ = {isa = PBXFileReference; explicitFileType = wrapper.framework; includeInIndex = 0; path = Pods_ShowMood.framework; sourceTree = BUILT_PRODUCTS_DIR; };
		CD0CDA3E20FD096B009356B9 /* WelcomeViewController.swift */ = {isa = PBXFileReference; lastKnownFileType = sourcecode.swift; path = WelcomeViewController.swift; sourceTree = "<group>"; };
		CD0CDA4620FD0A95009356B9 /* ShowImagesCollectionViewController.swift */ = {isa = PBXFileReference; lastKnownFileType = sourcecode.swift; path = ShowImagesCollectionViewController.swift; sourceTree = "<group>"; };
		CD0CDA4C20FD115D009356B9 /* InstaConstant.swift */ = {isa = PBXFileReference; fileEncoding = 4; lastKnownFileType = sourcecode.swift; path = InstaConstant.swift; sourceTree = "<group>"; };
		CD0CDA6320FDC5AE009356B9 /* LoginAndChangeMoodViewController.swift */ = {isa = PBXFileReference; lastKnownFileType = sourcecode.swift; path = LoginAndChangeMoodViewController.swift; sourceTree = "<group>"; };
		CD52B50820FE4A780015EFE8 /* CameraViewController.swift */ = {isa = PBXFileReference; lastKnownFileType = sourcecode.swift; path = CameraViewController.swift; sourceTree = "<group>"; };
		CD52B50B20FE4B730015EFE8 /* VisualSentimentCNN.mlmodel */ = {isa = PBXFileReference; lastKnownFileType = file.mlmodel; path = VisualSentimentCNN.mlmodel; sourceTree = "<group>"; };
		CD52B50E20FE7CE60015EFE8 /* ImagesCollectionViewCell.swift */ = {isa = PBXFileReference; lastKnownFileType = sourcecode.swift; path = ImagesCollectionViewCell.swift; sourceTree = "<group>"; };
		CD52B51020FE7D4E0015EFE8 /* InstagramData.swift */ = {isa = PBXFileReference; lastKnownFileType = sourcecode.swift; path = InstagramData.swift; sourceTree = "<group>"; };
		CD52B51420FE85240015EFE8 /* PresentDetailTransition.swift */ = {isa = PBXFileReference; lastKnownFileType = sourcecode.swift; path = PresentDetailTransition.swift; sourceTree = "<group>"; };
		CD52B51620FE853B0015EFE8 /* DismissDetailTransition.swift */ = {isa = PBXFileReference; lastKnownFileType = sourcecode.swift; path = DismissDetailTransition.swift; sourceTree = "<group>"; };
		CD52B51820FE87800015EFE8 /* DetailImageViewController.swift */ = {isa = PBXFileReference; lastKnownFileType = sourcecode.swift; path = DetailImageViewController.swift; sourceTree = "<group>"; };
		CDBB2B2720FFE5CD007FADAC /* Settings.swift */ = {isa = PBXFileReference; lastKnownFileType = sourcecode.swift; path = Settings.swift; sourceTree = "<group>"; };
		CDDE8FA920FD04DA00462078 /* ShowMood.app */ = {isa = PBXFileReference; explicitFileType = wrapper.application; includeInIndex = 0; path = ShowMood.app; sourceTree = BUILT_PRODUCTS_DIR; };
		CDDE8FAC20FD04DA00462078 /* AppDelegate.swift */ = {isa = PBXFileReference; lastKnownFileType = sourcecode.swift; path = AppDelegate.swift; sourceTree = "<group>"; };
		CDDE8FB120FD04DA00462078 /* Base */ = {isa = PBXFileReference; lastKnownFileType = file.storyboard; name = Base; path = Base.lproj/Main.storyboard; sourceTree = "<group>"; };
		CDDE8FB320FD04DD00462078 /* Assets.xcassets */ = {isa = PBXFileReference; lastKnownFileType = folder.assetcatalog; path = Assets.xcassets; sourceTree = "<group>"; };
		CDDE8FB620FD04DD00462078 /* Base */ = {isa = PBXFileReference; lastKnownFileType = file.storyboard; name = Base; path = Base.lproj/LaunchScreen.storyboard; sourceTree = "<group>"; };
		CDDE8FB820FD04DD00462078 /* Info.plist */ = {isa = PBXFileReference; lastKnownFileType = text.plist.xml; path = Info.plist; sourceTree = "<group>"; };
/* End PBXFileReference section */

/* Begin PBXFrameworksBuildPhase section */
		CDDE8FA620FD04DA00462078 /* Frameworks */ = {
			isa = PBXFrameworksBuildPhase;
			buildActionMask = 2147483647;
			files = (
				595E4366A8ACA5BBD0ABB762 /* Pods_ShowMood.framework in Frameworks */,
			);
			runOnlyForDeploymentPostprocessing = 0;
		};
/* End PBXFrameworksBuildPhase section */

/* Begin PBXGroup section */
		171E5336E67A99A23FEC8A0A /* Pods */ = {
			isa = PBXGroup;
			children = (
				998AA515B8B3F607AF712374 /* Pods-ShowMood.debug.xcconfig */,
				80B0E2BF1BD3B5C0BEAAFFCD /* Pods-ShowMood.release.xcconfig */,
			);
			name = Pods;
			sourceTree = "<group>";
		};
		8557EDB94FC433CADFC6E3F8 /* Frameworks */ = {
			isa = PBXGroup;
			children = (
				BCE6F966655D677CF812BD3E /* Pods_ShowMood.framework */,
			);
			name = Frameworks;
			sourceTree = "<group>";
		};
		CD0CDA3B20FD081D009356B9 /* Controller */ = {
			isa = PBXGroup;
			children = (
				CD0CDA4B20FD115D009356B9 /* Instagram Auth */,
				CD0CDA3E20FD096B009356B9 /* WelcomeViewController.swift */,
				CD0CDA4620FD0A95009356B9 /* ShowImagesCollectionViewController.swift */,
				CD0CDA6320FDC5AE009356B9 /* LoginAndChangeMoodViewController.swift */,
				CD52B50820FE4A780015EFE8 /* CameraViewController.swift */,
				CD52B51420FE85240015EFE8 /* PresentDetailTransition.swift */,
				CD52B51620FE853B0015EFE8 /* DismissDetailTransition.swift */,
				CD52B51820FE87800015EFE8 /* DetailImageViewController.swift */,
			);
			path = Controller;
			sourceTree = "<group>";
		};
		CD0CDA4B20FD115D009356B9 /* Instagram Auth */ = {
			isa = PBXGroup;
			children = (
				CD0CDA4C20FD115D009356B9 /* InstaConstant.swift */,
			);
			path = "Instagram Auth";
			sourceTree = "<group>";
		};
		CD52B50A20FE4B730015EFE8 /* Model */ = {
			isa = PBXGroup;
			children = (
				CD52B50B20FE4B730015EFE8 /* VisualSentimentCNN.mlmodel */,
				CD52B51020FE7D4E0015EFE8 /* InstagramData.swift */,
			);
			path = Model;
			sourceTree = "<group>";
		};
		CD52B50D20FE7CC90015EFE8 /* View */ = {
			isa = PBXGroup;
			children = (
				CD52B50E20FE7CE60015EFE8 /* ImagesCollectionViewCell.swift */,
			);
			path = View;
			sourceTree = "<group>";
		};
		CDDE8FA020FD04DA00462078 = {
			isa = PBXGroup;
			children = (
				CDDE8FAB20FD04DA00462078 /* ShowMood */,
				CDDE8FAA20FD04DA00462078 /* Products */,
				171E5336E67A99A23FEC8A0A /* Pods */,
				8557EDB94FC433CADFC6E3F8 /* Frameworks */,
			);
			sourceTree = "<group>";
		};
		CDDE8FAA20FD04DA00462078 /* Products */ = {
			isa = PBXGroup;
			children = (
				CDDE8FA920FD04DA00462078 /* ShowMood.app */,
			);
			name = Products;
			sourceTree = "<group>";
		};
		CDDE8FAB20FD04DA00462078 /* ShowMood */ = {
			isa = PBXGroup;
			children = (
				CDBB2B2720FFE5CD007FADAC /* Settings.swift */,
				CD52B50D20FE7CC90015EFE8 /* View */,
				CD52B50A20FE4B730015EFE8 /* Model */,
				CD0CDA3B20FD081D009356B9 /* Controller */,
				CDDE8FAC20FD04DA00462078 /* AppDelegate.swift */,
				CDDE8FB020FD04DA00462078 /* Main.storyboard */,
				CDDE8FB320FD04DD00462078 /* Assets.xcassets */,
				CDDE8FB520FD04DD00462078 /* LaunchScreen.storyboard */,
				CDDE8FB820FD04DD00462078 /* Info.plist */,
			);
			path = ShowMood;
			sourceTree = "<group>";
		};
/* End PBXGroup section */

/* Begin PBXNativeTarget section */
		CDDE8FA820FD04DA00462078 /* ShowMood */ = {
			isa = PBXNativeTarget;
			buildConfigurationList = CDDE8FBB20FD04DD00462078 /* Build configuration list for PBXNativeTarget "ShowMood" */;
			buildPhases = (
				9408A5AF513E14EFA0D4F60A /* [CP] Check Pods Manifest.lock */,
				CDDE8FA520FD04DA00462078 /* Sources */,
				CDDE8FA620FD04DA00462078 /* Frameworks */,
				CDDE8FA720FD04DA00462078 /* Resources */,
				220624FA0FD9E3450FE51F6B /* [CP] Embed Pods Frameworks */,
			);
			buildRules = (
			);
			dependencies = (
			);
			name = ShowMood;
			productName = ShowMood;
			productReference = CDDE8FA920FD04DA00462078 /* ShowMood.app */;
			productType = "com.apple.product-type.application";
		};
/* End PBXNativeTarget section */

/* Begin PBXProject section */
		CDDE8FA120FD04DA00462078 /* Project object */ = {
			isa = PBXProject;
			attributes = {
				LastSwiftUpdateCheck = 0940;
				LastUpgradeCheck = 0940;
				ORGANIZATIONNAME = Mariya;
				TargetAttributes = {
					CDDE8FA820FD04DA00462078 = {
						CreatedOnToolsVersion = 9.4.1;
					};
				};
			};
			buildConfigurationList = CDDE8FA420FD04DA00462078 /* Build configuration list for PBXProject "ShowMood" */;
			compatibilityVersion = "Xcode 9.3";
			developmentRegion = en;
			hasScannedForEncodings = 0;
			knownRegions = (
				en,
				Base,
			);
			mainGroup = CDDE8FA020FD04DA00462078;
			productRefGroup = CDDE8FAA20FD04DA00462078 /* Products */;
			projectDirPath = "";
			projectRoot = "";
			targets = (
				CDDE8FA820FD04DA00462078 /* ShowMood */,
			);
		};
/* End PBXProject section */

/* Begin PBXResourcesBuildPhase section */
		CDDE8FA720FD04DA00462078 /* Resources */ = {
			isa = PBXResourcesBuildPhase;
			buildActionMask = 2147483647;
			files = (
				CDDE8FB720FD04DD00462078 /* LaunchScreen.storyboard in Resources */,
				CDDE8FB420FD04DD00462078 /* Assets.xcassets in Resources */,
				CDDE8FB220FD04DA00462078 /* Main.storyboard in Resources */,
			);
			runOnlyForDeploymentPostprocessing = 0;
		};
/* End PBXResourcesBuildPhase section */

/* Begin PBXShellScriptBuildPhase section */
		220624FA0FD9E3450FE51F6B /* [CP] Embed Pods Frameworks */ = {
			isa = PBXShellScriptBuildPhase;
			buildActionMask = 2147483647;
			files = (
			);
			inputPaths = (
				"${SRCROOT}/Pods/Target Support Files/Pods-ShowMood/Pods-ShowMood-frameworks.sh",
				"${BUILT_PRODUCTS_DIR}/Alamofire/Alamofire.framework",
				"${BUILT_PRODUCTS_DIR}/KeychainSwift/KeychainSwift.framework",
				"${BUILT_PRODUCTS_DIR}/SAMCache/SAMCache.framework",
				"${BUILT_PRODUCTS_DIR}/SwiftyJSON/SwiftyJSON.framework",
			);
			name = "[CP] Embed Pods Frameworks";
			outputPaths = (
				"${TARGET_BUILD_DIR}/${FRAMEWORKS_FOLDER_PATH}/Alamofire.framework",
				"${TARGET_BUILD_DIR}/${FRAMEWORKS_FOLDER_PATH}/KeychainSwift.framework",
				"${TARGET_BUILD_DIR}/${FRAMEWORKS_FOLDER_PATH}/SAMCache.framework",
				"${TARGET_BUILD_DIR}/${FRAMEWORKS_FOLDER_PATH}/SwiftyJSON.framework",
			);
			runOnlyForDeploymentPostprocessing = 0;
			shellPath = /bin/sh;
			shellScript = "\"${SRCROOT}/Pods/Target Support Files/Pods-ShowMood/Pods-ShowMood-frameworks.sh\"\n";
			showEnvVarsInLog = 0;
		};
		9408A5AF513E14EFA0D4F60A /* [CP] Check Pods Manifest.lock */ = {
			isa = PBXShellScriptBuildPhase;
			buildActionMask = 2147483647;
			files = (
			);
			inputPaths = (
				"${PODS_PODFILE_DIR_PATH}/Podfile.lock",
				"${PODS_ROOT}/Manifest.lock",
			);
			name = "[CP] Check Pods Manifest.lock";
			outputPaths = (
				"$(DERIVED_FILE_DIR)/Pods-ShowMood-checkManifestLockResult.txt",
			);
			runOnlyForDeploymentPostprocessing = 0;
			shellPath = /bin/sh;
			shellScript = "diff \"${PODS_PODFILE_DIR_PATH}/Podfile.lock\" \"${PODS_ROOT}/Manifest.lock\" > /dev/null\nif [ $? != 0 ] ; then\n    # print error to STDERR\n    echo \"error: The sandbox is not in sync with the Podfile.lock. Run 'pod install' or update your CocoaPods installation.\" >&2\n    exit 1\nfi\n# This output is used by Xcode 'outputs' to avoid re-running this script phase.\necho \"SUCCESS\" > \"${SCRIPT_OUTPUT_FILE_0}\"\n";
			showEnvVarsInLog = 0;
		};
/* End PBXShellScriptBuildPhase section */

/* Begin PBXSourcesBuildPhase section */
		CDDE8FA520FD04DA00462078 /* Sources */ = {
			isa = PBXSourcesBuildPhase;
			buildActionMask = 2147483647;
			files = (
				CDDE8FAD20FD04DA00462078 /* AppDelegate.swift in Sources */,
				CD52B51120FE7D4E0015EFE8 /* InstagramData.swift in Sources */,
				CDBB2B2820FFE5CD007FADAC /* Settings.swift in Sources */,
				CD52B50C20FE4B730015EFE8 /* VisualSentimentCNN.mlmodel in Sources */,
				CD0CDA4D20FD115D009356B9 /* InstaConstant.swift in Sources */,
				CD52B51520FE85240015EFE8 /* PresentDetailTransition.swift in Sources */,
				CD52B51720FE853B0015EFE8 /* DismissDetailTransition.swift in Sources */,
				CD0CDA6420FDC5AE009356B9 /* LoginAndChangeMoodViewController.swift in Sources */,
				CD52B51920FE87800015EFE8 /* DetailImageViewController.swift in Sources */,
				CD0CDA3F20FD096B009356B9 /* WelcomeViewController.swift in Sources */,
				CD0CDA4720FD0A95009356B9 /* ShowImagesCollectionViewController.swift in Sources */,
				CD52B50F20FE7CE60015EFE8 /* ImagesCollectionViewCell.swift in Sources */,
				CD52B50920FE4A780015EFE8 /* CameraViewController.swift in Sources */,
			);
			runOnlyForDeploymentPostprocessing = 0;
		};
/* End PBXSourcesBuildPhase section */

/* Begin PBXVariantGroup section */
		CDDE8FB020FD04DA00462078 /* Main.storyboard */ = {
			isa = PBXVariantGroup;
			children = (
				CDDE8FB120FD04DA00462078 /* Base */,
			);
			name = Main.storyboard;
			sourceTree = "<group>";
		};
		CDDE8FB520FD04DD00462078 /* LaunchScreen.storyboard */ = {
			isa = PBXVariantGroup;
			children = (
				CDDE8FB620FD04DD00462078 /* Base */,
			);
			name = LaunchScreen.storyboard;
			sourceTree = "<group>";
		};
/* End PBXVariantGroup section */

/* Begin XCBuildConfiguration section */
		CDDE8FB920FD04DD00462078 /* Debug */ = {
			isa = XCBuildConfiguration;
			buildSettings = {
				ALWAYS_SEARCH_USER_PATHS = NO;
				CLANG_ANALYZER_NONNULL = YES;
				CLANG_ANALYZER_NUMBER_OBJECT_CONVERSION = YES_AGGRESSIVE;
				CLANG_CXX_LANGUAGE_STANDARD = "gnu++14";
				CLANG_CXX_LIBRARY = "libc++";
				CLANG_ENABLE_MODULES = YES;
				CLANG_ENABLE_OBJC_ARC = YES;
				CLANG_ENABLE_OBJC_WEAK = YES;
				CLANG_WARN_BLOCK_CAPTURE_AUTORELEASING = YES;
				CLANG_WARN_BOOL_CONVERSION = YES;
				CLANG_WARN_COMMA = YES;
				CLANG_WARN_CONSTANT_CONVERSION = YES;
				CLANG_WARN_DEPRECATED_OBJC_IMPLEMENTATIONS = YES;
				CLANG_WARN_DIRECT_OBJC_ISA_USAGE = YES_ERROR;
				CLANG_WARN_DOCUMENTATION_COMMENTS = YES;
				CLANG_WARN_EMPTY_BODY = YES;
				CLANG_WARN_ENUM_CONVERSION = YES;
				CLANG_WARN_INFINITE_RECURSION = YES;
				CLANG_WARN_INT_CONVERSION = YES;
				CLANG_WARN_NON_LITERAL_NULL_CONVERSION = YES;
				CLANG_WARN_OBJC_IMPLICIT_RETAIN_SELF = YES;
				CLANG_WARN_OBJC_LITERAL_CONVERSION = YES;
				CLANG_WARN_OBJC_ROOT_CLASS = YES_ERROR;
				CLANG_WARN_RANGE_LOOP_ANALYSIS = YES;
				CLANG_WARN_STRICT_PROTOTYPES = YES;
				CLANG_WARN_SUSPICIOUS_MOVE = YES;
				CLANG_WARN_UNGUARDED_AVAILABILITY = YES_AGGRESSIVE;
				CLANG_WARN_UNREACHABLE_CODE = YES;
				CLANG_WARN__DUPLICATE_METHOD_MATCH = YES;
				CODE_SIGN_IDENTITY = "iPhone Developer";
				COPY_PHASE_STRIP = NO;
				DEBUG_INFORMATION_FORMAT = dwarf;
				ENABLE_STRICT_OBJC_MSGSEND = YES;
				ENABLE_TESTABILITY = YES;
				GCC_C_LANGUAGE_STANDARD = gnu11;
				GCC_DYNAMIC_NO_PIC = NO;
				GCC_NO_COMMON_BLOCKS = YES;
				GCC_OPTIMIZATION_LEVEL = 0;
				GCC_PREPROCESSOR_DEFINITIONS = (
					"DEBUG=1",
					"$(inherited)",
				);
				GCC_WARN_64_TO_32_BIT_CONVERSION = YES;
				GCC_WARN_ABOUT_RETURN_TYPE = YES_ERROR;
				GCC_WARN_UNDECLARED_SELECTOR = YES;
				GCC_WARN_UNINITIALIZED_AUTOS = YES_AGGRESSIVE;
				GCC_WARN_UNUSED_FUNCTION = YES;
				GCC_WARN_UNUSED_VARIABLE = YES;
				IPHONEOS_DEPLOYMENT_TARGET = 11.4;
				MTL_ENABLE_DEBUG_INFO = YES;
				ONLY_ACTIVE_ARCH = YES;
				SDKROOT = iphoneos;
				SWIFT_ACTIVE_COMPILATION_CONDITIONS = DEBUG;
				SWIFT_OPTIMIZATION_LEVEL = "-Onone";
			};
			name = Debug;
		};
		CDDE8FBA20FD04DD00462078 /* Release */ = {
			isa = XCBuildConfiguration;
			buildSettings = {
				ALWAYS_SEARCH_USER_PATHS = NO;
				CLANG_ANALYZER_NONNULL = YES;
				CLANG_ANALYZER_NUMBER_OBJECT_CONVERSION = YES_AGGRESSIVE;
				CLANG_CXX_LANGUAGE_STANDARD = "gnu++14";
				CLANG_CXX_LIBRARY = "libc++";
				CLANG_ENABLE_MODULES = YES;
				CLANG_ENABLE_OBJC_ARC = YES;
				CLANG_ENABLE_OBJC_WEAK = YES;
				CLANG_WARN_BLOCK_CAPTURE_AUTORELEASING = YES;
				CLANG_WARN_BOOL_CONVERSION = YES;
				CLANG_WARN_COMMA = YES;
				CLANG_WARN_CONSTANT_CONVERSION = YES;
				CLANG_WARN_DEPRECATED_OBJC_IMPLEMENTATIONS = YES;
				CLANG_WARN_DIRECT_OBJC_ISA_USAGE = YES_ERROR;
				CLANG_WARN_DOCUMENTATION_COMMENTS = YES;
				CLANG_WARN_EMPTY_BODY = YES;
				CLANG_WARN_ENUM_CONVERSION = YES;
				CLANG_WARN_INFINITE_RECURSION = YES;
				CLANG_WARN_INT_CONVERSION = YES;
				CLANG_WARN_NON_LITERAL_NULL_CONVERSION = YES;
				CLANG_WARN_OBJC_IMPLICIT_RETAIN_SELF = YES;
				CLANG_WARN_OBJC_LITERAL_CONVERSION = YES;
				CLANG_WARN_OBJC_ROOT_CLASS = YES_ERROR;
				CLANG_WARN_RANGE_LOOP_ANALYSIS = YES;
				CLANG_WARN_STRICT_PROTOTYPES = YES;
				CLANG_WARN_SUSPICIOUS_MOVE = YES;
				CLANG_WARN_UNGUARDED_AVAILABILITY = YES_AGGRESSIVE;
				CLANG_WARN_UNREACHABLE_CODE = YES;
				CLANG_WARN__DUPLICATE_METHOD_MATCH = YES;
				CODE_SIGN_IDENTITY = "iPhone Developer";
				COPY_PHASE_STRIP = NO;
				DEBUG_INFORMATION_FORMAT = "dwarf-with-dsym";
				ENABLE_NS_ASSERTIONS = NO;
				ENABLE_STRICT_OBJC_MSGSEND = YES;
				GCC_C_LANGUAGE_STANDARD = gnu11;
				GCC_NO_COMMON_BLOCKS = YES;
				GCC_WARN_64_TO_32_BIT_CONVERSION = YES;
				GCC_WARN_ABOUT_RETURN_TYPE = YES_ERROR;
				GCC_WARN_UNDECLARED_SELECTOR = YES;
				GCC_WARN_UNINITIALIZED_AUTOS = YES_AGGRESSIVE;
				GCC_WARN_UNUSED_FUNCTION = YES;
				GCC_WARN_UNUSED_VARIABLE = YES;
				IPHONEOS_DEPLOYMENT_TARGET = 11.4;
				MTL_ENABLE_DEBUG_INFO = NO;
				SDKROOT = iphoneos;
				SWIFT_COMPILATION_MODE = wholemodule;
				SWIFT_OPTIMIZATION_LEVEL = "-O";
				VALIDATE_PRODUCT = YES;
			};
			name = Release;
		};
		CDDE8FBC20FD04DD00462078 /* Debug */ = {
			isa = XCBuildConfiguration;
			baseConfigurationReference = 998AA515B8B3F607AF712374 /* Pods-ShowMood.debug.xcconfig */;
			buildSettings = {
				ASSETCATALOG_COMPILER_APPICON_NAME = AppIcon;
				CODE_SIGN_STYLE = Automatic;
				DEVELOPMENT_TEAM = 77PLT8T8S2;
				INFOPLIST_FILE = ShowMood/Info.plist;
				IPHONEOS_DEPLOYMENT_TARGET = 11.0;
				LD_RUNPATH_SEARCH_PATHS = (
					"$(inherited)",
					"@executable_path/Frameworks",
				);
				PRODUCT_BUNDLE_IDENTIFIER = m.ShowMood;
				PRODUCT_NAME = "$(TARGET_NAME)";
				SWIFT_VERSION = 4.0;
				TARGETED_DEVICE_FAMILY = 1;
			};
			name = Debug;
		};
		CDDE8FBD20FD04DD00462078 /* Release */ = {
			isa = XCBuildConfiguration;
			baseConfigurationReference = 80B0E2BF1BD3B5C0BEAAFFCD /* Pods-ShowMood.release.xcconfig */;
			buildSettings = {
				ASSETCATALOG_COMPILER_APPICON_NAME = AppIcon;
				CODE_SIGN_STYLE = Automatic;
				DEVELOPMENT_TEAM = 77PLT8T8S2;
				INFOPLIST_FILE = ShowMood/Info.plist;
				IPHONEOS_DEPLOYMENT_TARGET = 11.0;
				LD_RUNPATH_SEARCH_PATHS = (
					"$(inherited)",
					"@executable_path/Frameworks",
				);
				PRODUCT_BUNDLE_IDENTIFIER = m.ShowMood;
				PRODUCT_NAME = "$(TARGET_NAME)";
				SWIFT_VERSION = 4.0;
				TARGETED_DEVICE_FAMILY = 1;
			};
			name = Release;
		};
/* End XCBuildConfiguration section */

/* Begin XCConfigurationList section */
		CDDE8FA420FD04DA00462078 /* Build configuration list for PBXProject "ShowMood" */ = {
			isa = XCConfigurationList;
			buildConfigurations = (
				CDDE8FB920FD04DD00462078 /* Debug */,
				CDDE8FBA20FD04DD00462078 /* Release */,
			);
			defaultConfigurationIsVisible = 0;
			defaultConfigurationName = Release;
		};
		CDDE8FBB20FD04DD00462078 /* Build configuration list for PBXNativeTarget "ShowMood" */ = {
			isa = XCConfigurationList;
			buildConfigurations = (
				CDDE8FBC20FD04DD00462078 /* Debug */,
				CDDE8FBD20FD04DD00462078 /* Release */,
			);
			defaultConfigurationIsVisible = 0;
			defaultConfigurationName = Release;
		};
/* End XCConfigurationList section */
	};
	rootObject = CDDE8FA120FD04DA00462078 /* Project object */;
}
